
Microsoft Visual Studio Solution File, Format Version 12.00
# Visual Studio Version 17
VisualStudioVersion = 17.0.32014.148
MinimumVisualStudioVersion = 10.0.40219.1
Project("{9A19103F-16F7-4668-BE54-9A1E7A4F7556}") = "ShoppingApp.Client", "ShoppingApp.Client\ShoppingApp.Client.csproj", "{37D00A74-548E-4594-8849-F53946361A63}"
EndProject
Project("{FAE04EC0-301F-11D3-BF4B-00C04F79EFBC}") = "ShoppingApp.Api", "ShoppingApp.Api\ShoppingApp.Api.csproj", "{C55FCC19-6896-4F02-9664-3C207226A05A}"
EndProject
Global
	GlobalSection(SolutionConfigurationPlatforms) = preSolution
		Debug|Any CPU = Debug|Any CPU
		Release|Any CPU = Release|Any CPU
	EndGlobalSection
	GlobalSection(ProjectConfigurationPlatforms) = postSolution
		{37D00A74-548E-4594-8849-F53946361A63}.Debug|Any CPU.ActiveCfg = Debug|Any CPU
		{37D00A74-548E-4594-8849-F53946361A63}.Debug|Any CPU.Build.0 = Debug|Any CPU
		{37D00A74-548E-4594-8849-F53946361A63}.Release|Any CPU.ActiveCfg = Release|Any CPU
		{37D00A74-548E-4594-8849-F53946361A63}.Release|Any CPU.Build.0 = Release|Any CPU
		{C55FCC19-6896-4F02-9664-3C207226A05A}.Debug|Any CPU.ActiveCfg = Debug|Any CPU
		{C55FCC19-6896-4F02-9664-3C207226A05A}.Debug|Any CPU.Build.0 = Debug|Any CPU
		{C55FCC19-6896-4F02-9664-3C207226A05A}.Release|Any CPU.ActiveCfg = Release|Any CPU
		{C55FCC19-6896-4F02-9664-3C207226A05A}.Release|Any CPU.Build.0 = Release|Any CPU
	EndGlobalSection
	GlobalSection(SolutionProperties) = preSolution
		HideSolutionNode = FALSE
	EndGlobalSection
	GlobalSection(ExtensibilityGlobals) = postSolution
		SolutionGuid = {FB5D076A-DB0E-417B-8865-83FB1FC792A2}
	EndGlobalSection
EndGlobal
